// !$*UTF8*$!
{
	archiveVersion = 1;
	classes = {
	};
	objectVersion = 56;
	objects = {

/* Begin PBXBuildFile section */
		5737512D29299AA4006854F7 /* EventViewModel.swift in Sources */ = {isa = PBXBuildFile; fileRef = 5737512C29299AA4006854F7 /* EventViewModel.swift */; };
		5737512F2929C6BA006854F7 /* ColorTheme.swift in Sources */ = {isa = PBXBuildFile; fileRef = 5737512E2929C6BA006854F7 /* ColorTheme.swift */; };
		57375131292B9F40006854F7 /* EventList.swift in Sources */ = {isa = PBXBuildFile; fileRef = 57375130292B9F40006854F7 /* EventList.swift */; };
		57375134292BF670006854F7 /* ParticlesGeometryEffect.swift in Sources */ = {isa = PBXBuildFile; fileRef = 57375133292BF670006854F7 /* ParticlesGeometryEffect.swift */; };
		57375136292BF7C2006854F7 /* ParticlesModifier.swift in Sources */ = {isa = PBXBuildFile; fileRef = 57375135292BF7C2006854F7 /* ParticlesModifier.swift */; };
		5737513A292BF942006854F7 /* ParticlesView.swift in Sources */ = {isa = PBXBuildFile; fileRef = 57375139292BF942006854F7 /* ParticlesView.swift */; };
		5737513D292C3F19006854F7 /* HeaderView.swift in Sources */ = {isa = PBXBuildFile; fileRef = 5737513C292C3F19006854F7 /* HeaderView.swift */; };
		5737513F292C3F78006854F7 /* EventDescriptionView.swift in Sources */ = {isa = PBXBuildFile; fileRef = 5737513E292C3F78006854F7 /* EventDescriptionView.swift */; };
		57375141292C3FB8006854F7 /* RaceGroup.swift in Sources */ = {isa = PBXBuildFile; fileRef = 57375140292C3FB8006854F7 /* RaceGroup.swift */; };
		57375143292C400F006854F7 /* PhotosView.swift in Sources */ = {isa = PBXBuildFile; fileRef = 57375142292C400F006854F7 /* PhotosView.swift */; };
		57375145292C41B6006854F7 /* ResourceLinksView.swift in Sources */ = {isa = PBXBuildFile; fileRef = 57375144292C41B6006854F7 /* ResourceLinksView.swift */; };
		577FD20D292941510077E363 /* ZwiftEventsApp.swift in Sources */ = {isa = PBXBuildFile; fileRef = 577FD20C292941510077E363 /* ZwiftEventsApp.swift */; };
		577FD20F292941510077E363 /* ContentView.swift in Sources */ = {isa = PBXBuildFile; fileRef = 577FD20E292941510077E363 /* ContentView.swift */; };
		577FD211292941520077E363 /* Assets.xcassets in Resources */ = {isa = PBXBuildFile; fileRef = 577FD210292941520077E363 /* Assets.xcassets */; };
		577FD214292941520077E363 /* Preview Assets.xcassets in Resources */ = {isa = PBXBuildFile; fileRef = 577FD213292941520077E363 /* Preview Assets.xcassets */; };
		577FD21B292942240077E363 /* DetailView.swift in Sources */ = {isa = PBXBuildFile; fileRef = 577FD21A292942240077E363 /* DetailView.swift */; };
		577FD21D2929423B0077E363 /* EventRow.swift in Sources */ = {isa = PBXBuildFile; fileRef = 577FD21C2929423B0077E363 /* EventRow.swift */; };
		577FD21F292945AA0077E363 /* events.json in Resources */ = {isa = PBXBuildFile; fileRef = 577FD21E292945AA0077E363 /* events.json */; };
		577FD221292945C30077E363 /* Event.swift in Sources */ = {isa = PBXBuildFile; fileRef = 577FD220292945C30077E363 /* Event.swift */; };
		57DF8A9D292FEF63002940AB /* WebView.swift in Sources */ = {isa = PBXBuildFile; fileRef = 57DF8A9C292FEF63002940AB /* WebView.swift */; };
/* End PBXBuildFile section */

/* Begin PBXFileReference section */
		5737512C29299AA4006854F7 /* EventViewModel.swift */ = {isa = PBXFileReference; lastKnownFileType = sourcecode.swift; path = EventViewModel.swift; sourceTree = "<group>"; };
		5737512E2929C6BA006854F7 /* ColorTheme.swift */ = {isa = PBXFileReference; lastKnownFileType = sourcecode.swift; path = ColorTheme.swift; sourceTree = "<group>"; };
		57375130292B9F40006854F7 /* EventList.swift */ = {isa = PBXFileReference; lastKnownFileType = sourcecode.swift; path = EventList.swift; sourceTree = "<group>"; };
		57375133292BF670006854F7 /* ParticlesGeometryEffect.swift */ = {isa = PBXFileReference; lastKnownFileType = sourcecode.swift; path = ParticlesGeometryEffect.swift; sourceTree = "<group>"; };
		57375135292BF7C2006854F7 /* ParticlesModifier.swift */ = {isa = PBXFileReference; lastKnownFileType = sourcecode.swift; path = ParticlesModifier.swift; sourceTree = "<group>"; };
		57375139292BF942006854F7 /* ParticlesView.swift */ = {isa = PBXFileReference; lastKnownFileType = sourcecode.swift; path = ParticlesView.swift; sourceTree = "<group>"; };
		5737513C292C3F19006854F7 /* HeaderView.swift */ = {isa = PBXFileReference; lastKnownFileType = sourcecode.swift; path = HeaderView.swift; sourceTree = "<group>"; };
		5737513E292C3F78006854F7 /* EventDescriptionView.swift */ = {isa = PBXFileReference; lastKnownFileType = sourcecode.swift; path = EventDescriptionView.swift; sourceTree = "<group>"; };
		57375140292C3FB8006854F7 /* RaceGroup.swift */ = {isa = PBXFileReference; lastKnownFileType = sourcecode.swift; path = RaceGroup.swift; sourceTree = "<group>"; };
		57375142292C400F006854F7 /* PhotosView.swift */ = {isa = PBXFileReference; lastKnownFileType = sourcecode.swift; path = PhotosView.swift; sourceTree = "<group>"; };
		57375144292C41B6006854F7 /* ResourceLinksView.swift */ = {isa = PBXFileReference; lastKnownFileType = sourcecode.swift; path = ResourceLinksView.swift; sourceTree = "<group>"; };
		577FD209292941510077E363 /* ZwiftEvents.app */ = {isa = PBXFileReference; explicitFileType = wrapper.application; includeInIndex = 0; path = ZwiftEvents.app; sourceTree = BUILT_PRODUCTS_DIR; };
		577FD20C292941510077E363 /* ZwiftEventsApp.swift */ = {isa = PBXFileReference; lastKnownFileType = sourcecode.swift; path = ZwiftEventsApp.swift; sourceTree = "<group>"; };
		577FD20E292941510077E363 /* ContentView.swift */ = {isa = PBXFileReference; lastKnownFileType = sourcecode.swift; path = ContentView.swift; sourceTree = "<group>"; };
		577FD210292941520077E363 /* Assets.xcassets */ = {isa = PBXFileReference; lastKnownFileType = folder.assetcatalog; path = Assets.xcassets; sourceTree = "<group>"; };
		577FD213292941520077E363 /* Preview Assets.xcassets */ = {isa = PBXFileReference; lastKnownFileType = folder.assetcatalog; path = "Preview Assets.xcassets"; sourceTree = "<group>"; };
		577FD21A292942240077E363 /* DetailView.swift */ = {isa = PBXFileReference; lastKnownFileType = sourcecode.swift; path = DetailView.swift; sourceTree = "<group>"; };
		577FD21C2929423B0077E363 /* EventRow.swift */ = {isa = PBXFileReference; lastKnownFileType = sourcecode.swift; path = EventRow.swift; sourceTree = "<group>"; };
		577FD21E292945AA0077E363 /* events.json */ = {isa = PBXFileReference; lastKnownFileType = text.json; path = events.json; sourceTree = "<group>"; };
		577FD220292945C30077E363 /* Event.swift */ = {isa = PBXFileReference; lastKnownFileType = sourcecode.swift; path = Event.swift; sourceTree = "<group>"; };
		57DF8A9C292FEF63002940AB /* WebView.swift */ = {isa = PBXFileReference; lastKnownFileType = sourcecode.swift; path = WebView.swift; sourceTree = "<group>"; };
/* End PBXFileReference section */

/* Begin PBXFrameworksBuildPhase section */
		577FD206292941510077E363 /* Frameworks */ = {
			isa = PBXFrameworksBuildPhase;
			buildActionMask = 2147483647;
			files = (
			);
			runOnlyForDeploymentPostprocessing = 0;
		};
/* End PBXFrameworksBuildPhase section */

/* Begin PBXGroup section */
		57375132292BF643006854F7 /* Geometry Effect Animation */ = {
			isa = PBXGroup;
			children = (
				57375133292BF670006854F7 /* ParticlesGeometryEffect.swift */,
				57375135292BF7C2006854F7 /* ParticlesModifier.swift */,
				57375139292BF942006854F7 /* ParticlesView.swift */,
			);
			path = "Geometry Effect Animation";
			sourceTree = "<group>";
		};
		5737513B292C3EFC006854F7 /* Detail View */ = {
			isa = PBXGroup;
			children = (
				57375140292C3FB8006854F7 /* RaceGroup.swift */,
				5737513C292C3F19006854F7 /* HeaderView.swift */,
				5737513E292C3F78006854F7 /* EventDescriptionView.swift */,
				57375142292C400F006854F7 /* PhotosView.swift */,
				57375144292C41B6006854F7 /* ResourceLinksView.swift */,
				577FD21A292942240077E363 /* DetailView.swift */,
			);
			path = "Detail View";
			sourceTree = "<group>";
		};
		577FD200292941510077E363 = {
			isa = PBXGroup;
			children = (
				577FD20B292941510077E363 /* ZwiftEvents */,
				577FD20A292941510077E363 /* Products */,
			);
			sourceTree = "<group>";
		};
		577FD20A292941510077E363 /* Products */ = {
			isa = PBXGroup;
			children = (
				577FD209292941510077E363 /* ZwiftEvents.app */,
			);
			name = Products;
			sourceTree = "<group>";
		};
		577FD20B292941510077E363 /* ZwiftEvents */ = {
			isa = PBXGroup;
			children = (
				57DF8AA2292FFE3B002940AB /* Main App */,
				57DF8AA0292FFE08002940AB /* Models */,
				57DF8AA1292FFE17002940AB /* View Models */,
				57DF8A9F292FFDC8002940AB /* Main View */,
				5737513B292C3EFC006854F7 /* Detail View */,
				57DF8A9E292FFD84002940AB /* Web View */,
				57375132292BF643006854F7 /* Geometry Effect Animation */,
				577FD210292941520077E363 /* Assets.xcassets */,
				577FD212292941520077E363 /* Preview Content */,
			);
			path = ZwiftEvents;
			sourceTree = "<group>";
		};
		577FD212292941520077E363 /* Preview Content */ = {
			isa = PBXGroup;
			children = (
				577FD213292941520077E363 /* Preview Assets.xcassets */,
			);
			path = "Preview Content";
			sourceTree = "<group>";
		};
		57DF8A9E292FFD84002940AB /* Web View */ = {
			isa = PBXGroup;
			children = (
				57DF8A9C292FEF63002940AB /* WebView.swift */,
				57DF8AA3292FFE46002940AB /* Supporting Files */,
			);
			path = "Web View";
			sourceTree = "<group>";
		};
		57DF8A9F292FFDC8002940AB /* Main View */ = {
			isa = PBXGroup;
			children = (
				577FD21C2929423B0077E363 /* EventRow.swift */,
				57375130292B9F40006854F7 /* EventList.swift */,
				577FD20E292941510077E363 /* ContentView.swift */,
			);
			path = "Main View";
			sourceTree = "<group>";
		};
		57DF8AA0292FFE08002940AB /* Models */ = {
			isa = PBXGroup;
			children = (
				577FD220292945C30077E363 /* Event.swift */,
			);
			path = Models;
			sourceTree = "<group>";
		};
		57DF8AA1292FFE17002940AB /* View Models */ = {
			isa = PBXGroup;
			children = (
				5737512C29299AA4006854F7 /* EventViewModel.swift */,
			);
			path = "View Models";
			sourceTree = "<group>";
		};
		57DF8AA2292FFE3B002940AB /* Main App */ = {
			isa = PBXGroup;
			children = (
				577FD20C292941510077E363 /* ZwiftEventsApp.swift */,
			);
			path = "Main App";
			sourceTree = "<group>";
		};
		57DF8AA3292FFE46002940AB /* Supporting Files */ = {
			isa = PBXGroup;
			children = (
				577FD21E292945AA0077E363 /* events.json */,
				5737512E2929C6BA006854F7 /* ColorTheme.swift */,
			);
			path = "Supporting Files";
			sourceTree = "<group>";
		};
/* End PBXGroup section */

/* Begin PBXNativeTarget section */
		577FD208292941510077E363 /* ZwiftEvents */ = {
			isa = PBXNativeTarget;
			buildConfigurationList = 577FD217292941520077E363 /* Build configuration list for PBXNativeTarget "ZwiftEvents" */;
			buildPhases = (
				577FD205292941510077E363 /* Sources */,
				577FD206292941510077E363 /* Frameworks */,
				577FD207292941510077E363 /* Resources */,
			);
			buildRules = (
			);
			dependencies = (
			);
			name = ZwiftEvents;
			productName = ZwiftEvents;
			productReference = 577FD209292941510077E363 /* ZwiftEvents.app */;
			productType = "com.apple.product-type.application";
		};
/* End PBXNativeTarget section */

/* Begin PBXProject section */
		577FD201292941510077E363 /* Project object */ = {
			isa = PBXProject;
			attributes = {
				BuildIndependentTargetsInParallel = 1;
				LastSwiftUpdateCheck = 1410;
				LastUpgradeCheck = 1410;
				TargetAttributes = {
					577FD208292941510077E363 = {
						CreatedOnToolsVersion = 14.1;
					};
				};
			};
			buildConfigurationList = 577FD204292941510077E363 /* Build configuration list for PBXProject "ZwiftEvents" */;
			compatibilityVersion = "Xcode 14.0";
			developmentRegion = en;
			hasScannedForEncodings = 0;
			knownRegions = (
				en,
				Base,
			);
			mainGroup = 577FD200292941510077E363;
			productRefGroup = 577FD20A292941510077E363 /* Products */;
			projectDirPath = "";
			projectRoot = "";
			targets = (
				577FD208292941510077E363 /* ZwiftEvents */,
			);
		};
/* End PBXProject section */

/* Begin PBXResourcesBuildPhase section */
		577FD207292941510077E363 /* Resources */ = {
			isa = PBXResourcesBuildPhase;
			buildActionMask = 2147483647;
			files = (
				577FD214292941520077E363 /* Preview Assets.xcassets in Resources */,
				577FD211292941520077E363 /* Assets.xcassets in Resources */,
				577FD21F292945AA0077E363 /* events.json in Resources */,
			);
			runOnlyForDeploymentPostprocessing = 0;
		};
/* End PBXResourcesBuildPhase section */

/* Begin PBXSourcesBuildPhase section */
		577FD205292941510077E363 /* Sources */ = {
			isa = PBXSourcesBuildPhase;
			buildActionMask = 2147483647;
			files = (
				57375134292BF670006854F7 /* ParticlesGeometryEffect.swift in Sources */,
				57375131292B9F40006854F7 /* EventList.swift in Sources */,
				57375143292C400F006854F7 /* PhotosView.swift in Sources */,
				577FD20F292941510077E363 /* ContentView.swift in Sources */,
				5737512D29299AA4006854F7 /* EventViewModel.swift in Sources */,
				57375136292BF7C2006854F7 /* ParticlesModifier.swift in Sources */,
				57375145292C41B6006854F7 /* ResourceLinksView.swift in Sources */,
				5737512F2929C6BA006854F7 /* ColorTheme.swift in Sources */,
				5737513A292BF942006854F7 /* ParticlesView.swift in Sources */,
				5737513F292C3F78006854F7 /* EventDescriptionView.swift in Sources */,
				5737513D292C3F19006854F7 /* HeaderView.swift in Sources */,
				57DF8A9D292FEF63002940AB /* WebView.swift in Sources */,
				577FD21B292942240077E363 /* DetailView.swift in Sources */,
				577FD20D292941510077E363 /* ZwiftEventsApp.swift in Sources */,
				577FD21D2929423B0077E363 /* EventRow.swift in Sources */,
				57375141292C3FB8006854F7 /* RaceGroup.swift in Sources */,
				577FD221292945C30077E363 /* Event.swift in Sources */,
			);
			runOnlyForDeploymentPostprocessing = 0;
		};
/* End PBXSourcesBuildPhase section */

/* Begin XCBuildConfiguration section */
		577FD215292941520077E363 /* Debug */ = {
			isa = XCBuildConfiguration;
			buildSettings = {
				ALWAYS_SEARCH_USER_PATHS = NO;
				CLANG_ANALYZER_NONNULL = YES;
				CLANG_ANALYZER_NUMBER_OBJECT_CONVERSION = YES_AGGRESSIVE;
				CLANG_CXX_LANGUAGE_STANDARD = "gnu++20";
				CLANG_ENABLE_MODULES = YES;
				CLANG_ENABLE_OBJC_ARC = YES;
				CLANG_ENABLE_OBJC_WEAK = YES;
				CLANG_WARN_BLOCK_CAPTURE_AUTORELEASING = YES;
				CLANG_WARN_BOOL_CONVERSION = YES;
				CLANG_WARN_COMMA = YES;
				CLANG_WARN_CONSTANT_CONVERSION = YES;
				CLANG_WARN_DEPRECATED_OBJC_IMPLEMENTATIONS = YES;
				CLANG_WARN_DIRECT_OBJC_ISA_USAGE = YES_ERROR;
				CLANG_WARN_DOCUMENTATION_COMMENTS = YES;
				CLANG_WARN_EMPTY_BODY = YES;
				CLANG_WARN_ENUM_CONVERSION = YES;
				CLANG_WARN_INFINITE_RECURSION = YES;
				CLANG_WARN_INT_CONVERSION = YES;
				CLANG_WARN_NON_LITERAL_NULL_CONVERSION = YES;
				CLANG_WARN_OBJC_IMPLICIT_RETAIN_SELF = YES;
				CLANG_WARN_OBJC_LITERAL_CONVERSION = YES;
				CLANG_WARN_OBJC_ROOT_CLASS = YES_ERROR;
				CLANG_WARN_QUOTED_INCLUDE_IN_FRAMEWORK_HEADER = YES;
				CLANG_WARN_RANGE_LOOP_ANALYSIS = YES;
				CLANG_WARN_STRICT_PROTOTYPES = YES;
				CLANG_WARN_SUSPICIOUS_MOVE = YES;
				CLANG_WARN_UNGUARDED_AVAILABILITY = YES_AGGRESSIVE;
				CLANG_WARN_UNREACHABLE_CODE = YES;
				CLANG_WARN__DUPLICATE_METHOD_MATCH = YES;
				COPY_PHASE_STRIP = NO;
				DEBUG_INFORMATION_FORMAT = dwarf;
				ENABLE_STRICT_OBJC_MSGSEND = YES;
				ENABLE_TESTABILITY = YES;
				GCC_C_LANGUAGE_STANDARD = gnu11;
				GCC_DYNAMIC_NO_PIC = NO;
				GCC_NO_COMMON_BLOCKS = YES;
				GCC_OPTIMIZATION_LEVEL = 0;
				GCC_PREPROCESSOR_DEFINITIONS = (
					"DEBUG=1",
					"$(inherited)",
				);
				GCC_WARN_64_TO_32_BIT_CONVERSION = YES;
				GCC_WARN_ABOUT_RETURN_TYPE = YES_ERROR;
				GCC_WARN_UNDECLARED_SELECTOR = YES;
				GCC_WARN_UNINITIALIZED_AUTOS = YES_AGGRESSIVE;
				GCC_WARN_UNUSED_FUNCTION = YES;
				GCC_WARN_UNUSED_VARIABLE = YES;
				IPHONEOS_DEPLOYMENT_TARGET = 16.1;
				MTL_ENABLE_DEBUG_INFO = INCLUDE_SOURCE;
				MTL_FAST_MATH = YES;
				ONLY_ACTIVE_ARCH = YES;
				SDKROOT = iphoneos;
				SWIFT_ACTIVE_COMPILATION_CONDITIONS = DEBUG;
				SWIFT_OPTIMIZATION_LEVEL = "-Onone";
			};
			name = Debug;
		};
		577FD216292941520077E363 /* Release */ = {
			isa = XCBuildConfiguration;
			buildSettings = {
				ALWAYS_SEARCH_USER_PATHS = NO;
				CLANG_ANALYZER_NONNULL = YES;
				CLANG_ANALYZER_NUMBER_OBJECT_CONVERSION = YES_AGGRESSIVE;
				CLANG_CXX_LANGUAGE_STANDARD = "gnu++20";
				CLANG_ENABLE_MODULES = YES;
				CLANG_ENABLE_OBJC_ARC = YES;
				CLANG_ENABLE_OBJC_WEAK = YES;
				CLANG_WARN_BLOCK_CAPTURE_AUTORELEASING = YES;
				CLANG_WARN_BOOL_CONVERSION = YES;
				CLANG_WARN_COMMA = YES;
				CLANG_WARN_CONSTANT_CONVERSION = YES;
				CLANG_WARN_DEPRECATED_OBJC_IMPLEMENTATIONS = YES;
				CLANG_WARN_DIRECT_OBJC_ISA_USAGE = YES_ERROR;
				CLANG_WARN_DOCUMENTATION_COMMENTS = YES;
				CLANG_WARN_EMPTY_BODY = YES;
				CLANG_WARN_ENUM_CONVERSION = YES;
				CLANG_WARN_INFINITE_RECURSION = YES;
				CLANG_WARN_INT_CONVERSION = YES;
				CLANG_WARN_NON_LITERAL_NULL_CONVERSION = YES;
				CLANG_WARN_OBJC_IMPLICIT_RETAIN_SELF = YES;
				CLANG_WARN_OBJC_LITERAL_CONVERSION = YES;
				CLANG_WARN_OBJC_ROOT_CLASS = YES_ERROR;
				CLANG_WARN_QUOTED_INCLUDE_IN_FRAMEWORK_HEADER = YES;
				CLANG_WARN_RANGE_LOOP_ANALYSIS = YES;
				CLANG_WARN_STRICT_PROTOTYPES = YES;
				CLANG_WARN_SUSPICIOUS_MOVE = YES;
				CLANG_WARN_UNGUARDED_AVAILABILITY = YES_AGGRESSIVE;
				CLANG_WARN_UNREACHABLE_CODE = YES;
				CLANG_WARN__DUPLICATE_METHOD_MATCH = YES;
				COPY_PHASE_STRIP = NO;
				DEBUG_INFORMATION_FORMAT = "dwarf-with-dsym";
				ENABLE_NS_ASSERTIONS = NO;
				ENABLE_STRICT_OBJC_MSGSEND = YES;
				GCC_C_LANGUAGE_STANDARD = gnu11;
				GCC_NO_COMMON_BLOCKS = YES;
				GCC_WARN_64_TO_32_BIT_CONVERSION = YES;
				GCC_WARN_ABOUT_RETURN_TYPE = YES_ERROR;
				GCC_WARN_UNDECLARED_SELECTOR = YES;
				GCC_WARN_UNINITIALIZED_AUTOS = YES_AGGRESSIVE;
				GCC_WARN_UNUSED_FUNCTION = YES;
				GCC_WARN_UNUSED_VARIABLE = YES;
				IPHONEOS_DEPLOYMENT_TARGET = 16.1;
				MTL_ENABLE_DEBUG_INFO = NO;
				MTL_FAST_MATH = YES;
				SDKROOT = iphoneos;
				SWIFT_COMPILATION_MODE = wholemodule;
				SWIFT_OPTIMIZATION_LEVEL = "-O";
				VALIDATE_PRODUCT = YES;
			};
			name = Release;
		};
		577FD218292941520077E363 /* Debug */ = {
			isa = XCBuildConfiguration;
			buildSettings = {
				ASSETCATALOG_COMPILER_APPICON_NAME = AppIcon;
				ASSETCATALOG_COMPILER_GLOBAL_ACCENT_COLOR_NAME = AccentColor;
				CODE_SIGN_STYLE = Automatic;
				CURRENT_PROJECT_VERSION = 1;
				DEVELOPMENT_ASSET_PATHS = "\"ZwiftEvents/Preview Content\"";
				DEVELOPMENT_TEAM = ZEKMNK5YD3;
				ENABLE_PREVIEWS = YES;
				GENERATE_INFOPLIST_FILE = YES;
				INFOPLIST_KEY_UIApplicationSceneManifest_Generation = YES;
				INFOPLIST_KEY_UIApplicationSupportsIndirectInputEvents = YES;
				INFOPLIST_KEY_UILaunchScreen_Generation = YES;
				INFOPLIST_KEY_UIRequiresFullScreen = YES;
				INFOPLIST_KEY_UISupportedInterfaceOrientations = UIInterfaceOrientationPortrait;
				IPHONEOS_DEPLOYMENT_TARGET = 16.0;
				LD_RUNPATH_SEARCH_PATHS = (
					"$(inherited)",
					"@executable_path/Frameworks",
				);
				MARKETING_VERSION = 1.0;
				PRODUCT_BUNDLE_IDENTIFIER = dev.alexpaul.ZwiftEvents;
				PRODUCT_NAME = "$(TARGET_NAME)";
				SWIFT_EMIT_LOC_STRINGS = YES;
				SWIFT_VERSION = 5.0;
				TARGETED_DEVICE_FAMILY = "1,2";
			};
			name = Debug;
		};
		577FD219292941520077E363 /* Release */ = {
			isa = XCBuildConfiguration;
			buildSettings = {
				ASSETCATALOG_COMPILER_APPICON_NAME = AppIcon;
				ASSETCATALOG_COMPILER_GLOBAL_ACCENT_COLOR_NAME = AccentColor;
				CODE_SIGN_STYLE = Automatic;
				CURRENT_PROJECT_VERSION = 1;
				DEVELOPMENT_ASSET_PATHS = "\"ZwiftEvents/Preview Content\"";
				DEVELOPMENT_TEAM = ZEKMNK5YD3;
				ENABLE_PREVIEWS = YES;
				GENERATE_INFOPLIST_FILE = YES;
				INFOPLIST_KEY_UIApplicationSceneManifest_Generation = YES;
				INFOPLIST_KEY_UIApplicationSupportsIndirectInputEvents = YES;
				INFOPLIST_KEY_UILaunchScreen_Generation = YES;
				INFOPLIST_KEY_UIRequiresFullScreen = YES;
				INFOPLIST_KEY_UISupportedInterfaceOrientations = UIInterfaceOrientationPortrait;
				IPHONEOS_DEPLOYMENT_TARGET = 16.0;
				LD_RUNPATH_SEARCH_PATHS = (
					"$(inherited)",
					"@executable_path/Frameworks",
				);
				MARKETING_VERSION = 1.0;
				PRODUCT_BUNDLE_IDENTIFIER = dev.alexpaul.ZwiftEvents;
				PRODUCT_NAME = "$(TARGET_NAME)";
				SWIFT_EMIT_LOC_STRINGS = YES;
				SWIFT_VERSION = 5.0;
				TARGETED_DEVICE_FAMILY = "1,2";
			};
			name = Release;
		};
/* End XCBuildConfiguration section */

/* Begin XCConfigurationList section */
		577FD204292941510077E363 /* Build configuration list for PBXProject "ZwiftEvents" */ = {
			isa = XCConfigurationList;
			buildConfigurations = (
				577FD215292941520077E363 /* Debug */,
				577FD216292941520077E363 /* Release */,
			);
			defaultConfigurationIsVisible = 0;
			defaultConfigurationName = Release;
		};
		577FD217292941520077E363 /* Build configuration list for PBXNativeTarget "ZwiftEvents" */ = {
			isa = XCConfigurationList;
			buildConfigurations = (
				577FD218292941520077E363 /* Debug */,
				577FD219292941520077E363 /* Release */,
			);
			defaultConfigurationIsVisible = 0;
			defaultConfigurationName = Release;
		};
/* End XCConfigurationList section */
	};
	rootObject = 577FD201292941510077E363 /* Project object */;
}
